
Microsoft Visual Studio Solution File, Format Version 12.00
# Visual Studio 15
VisualStudioVersion = 15.0.28307.2092
MinimumVisualStudioVersion = 10.0.40219.1
Project("{FAE04EC0-301F-11D3-BF4B-00C04F79EFBC}") = "energy-company", "energy-company\energy-company.csproj", "{CFA20020-E67D-4360-A546-85E48128301A}"
EndProject
Project("{FAE04EC0-301F-11D3-BF4B-00C04F79EFBC}") = "Dominio", "Dominio\Dominio.csproj", "{7F286D8D-38C3-4072-88F6-00527BDC95E0}"
EndProject
Global
	GlobalSection(SolutionConfigurationPlatforms) = preSolution
		Debug|Any CPU = Debug|Any CPU
		Release|Any CPU = Release|Any CPU
	EndGlobalSection
	GlobalSection(ProjectConfigurationPlatforms) = postSolution
		{CFA20020-E67D-4360-A546-85E48128301A}.Debug|Any CPU.ActiveCfg = Debug|Any CPU
		{CFA20020-E67D-4360-A546-85E48128301A}.Debug|Any CPU.Build.0 = Debug|Any CPU
		{CFA20020-E67D-4360-A546-85E48128301A}.Release|Any CPU.ActiveCfg = Release|Any CPU
		{CFA20020-E67D-4360-A546-85E48128301A}.Release|Any CPU.Build.0 = Release|Any CPU
		{7F286D8D-38C3-4072-88F6-00527BDC95E0}.Debug|Any CPU.ActiveCfg = Debug|Any CPU
		{7F286D8D-38C3-4072-88F6-00527BDC95E0}.Debug|Any CPU.Build.0 = Debug|Any CPU
		{7F286D8D-38C3-4072-88F6-00527BDC95E0}.Release|Any CPU.ActiveCfg = Release|Any CPU
		{7F286D8D-38C3-4072-88F6-00527BDC95E0}.Release|Any CPU.Build.0 = Release|Any CPU
	EndGlobalSection
	GlobalSection(SolutionProperties) = preSolution
		HideSolutionNode = FALSE
	EndGlobalSection
	GlobalSection(ExtensibilityGlobals) = postSolution
		SolutionGuid = {6EDB4821-EDC9-412F-9321-E58280FA0B3A}
	EndGlobalSection
EndGlobal
